
Microsoft Visual Studio Solution File, Format Version 12.00
# Visual Studio 15
VisualStudioVersion = 15.0.28010.2050
MinimumVisualStudioVersion = 10.0.40219.1
Project("{2150E333-8FDC-42A3-9474-1A3956D46DE8}") = "tests", "tests", "{A141EC1D-0045-498C-8BFC-AC6F8D5A5481}"
EndProject
Project("{9A19103F-16F7-4668-BE54-9A1E7A4F7556}") = "FileHelpers.Fluent", "FileHelpers.NetCore.Core\FileHelpers.Fluent.csproj", "{4FC64AF5-2B03-4C6D-BF71-44D94BC4625C}"
EndProject
Project("{9A19103F-16F7-4668-BE54-9A1E7A4F7556}") = "FileHelpers.Fluent.Fixed", "FileHelpers.NetCore.Fluent.Fixed\FileHelpers.Fluent.Fixed.csproj", "{32330DA1-8F9D-4BD5-9202-262F530122A2}"
EndProject
Project("{9A19103F-16F7-4668-BE54-9A1E7A4F7556}") = "FileHelpers.NetCore.Fluent.Fixed.UnitTests", "..\tests\FileHelpers.NetCore.Fluent.Fixed.UnitTests\FileHelpers.NetCore.Fluent.Fixed.UnitTests.csproj", "{88B94215-E0FE-4D41-B20E-4BD8A8466A42}"
EndProject
Global
	GlobalSection(SolutionConfigurationPlatforms) = preSolution
		Debug|Any CPU = Debug|Any CPU
		Release|Any CPU = Release|Any CPU
	EndGlobalSection
	GlobalSection(ProjectConfigurationPlatforms) = postSolution
		{4FC64AF5-2B03-4C6D-BF71-44D94BC4625C}.Debug|Any CPU.ActiveCfg = Debug|Any CPU
		{4FC64AF5-2B03-4C6D-BF71-44D94BC4625C}.Debug|Any CPU.Build.0 = Debug|Any CPU
		{4FC64AF5-2B03-4C6D-BF71-44D94BC4625C}.Release|Any CPU.ActiveCfg = Release|Any CPU
		{4FC64AF5-2B03-4C6D-BF71-44D94BC4625C}.Release|Any CPU.Build.0 = Release|Any CPU
		{32330DA1-8F9D-4BD5-9202-262F530122A2}.Debug|Any CPU.ActiveCfg = Debug|Any CPU
		{32330DA1-8F9D-4BD5-9202-262F530122A2}.Debug|Any CPU.Build.0 = Debug|Any CPU
		{32330DA1-8F9D-4BD5-9202-262F530122A2}.Release|Any CPU.ActiveCfg = Release|Any CPU
		{32330DA1-8F9D-4BD5-9202-262F530122A2}.Release|Any CPU.Build.0 = Release|Any CPU
		{88B94215-E0FE-4D41-B20E-4BD8A8466A42}.Debug|Any CPU.ActiveCfg = Debug|Any CPU
		{88B94215-E0FE-4D41-B20E-4BD8A8466A42}.Debug|Any CPU.Build.0 = Debug|Any CPU
		{88B94215-E0FE-4D41-B20E-4BD8A8466A42}.Release|Any CPU.ActiveCfg = Release|Any CPU
		{88B94215-E0FE-4D41-B20E-4BD8A8466A42}.Release|Any CPU.Build.0 = Release|Any CPU
	EndGlobalSection
	GlobalSection(SolutionProperties) = preSolution
		HideSolutionNode = FALSE
	EndGlobalSection
	GlobalSection(NestedProjects) = preSolution
		{88B94215-E0FE-4D41-B20E-4BD8A8466A42} = {A141EC1D-0045-498C-8BFC-AC6F8D5A5481}
	EndGlobalSection
	GlobalSection(ExtensibilityGlobals) = postSolution
		SolutionGuid = {32D6289D-2148-4C31-BBAC-468E5CA9206E}
	EndGlobalSection
EndGlobal
